
Microsoft Visual Studio Solution File, Format Version 12.00
# Visual Studio Version 16
VisualStudioVersion = 16.0.30717.126
MinimumVisualStudioVersion = 10.0.40219.1
Project("{FAE04EC0-301F-11D3-BF4B-00C04F79EFBC}") = "Marathon2021", "Marathon\Marathon2021.csproj", "{A112E1A2-68DF-4659-8C34-20E6B57DB488}"
EndProject
Global
	GlobalSection(SolutionConfigurationPlatforms) = preSolution
		Debug|Any CPU = Debug|Any CPU
		Release|Any CPU = Release|Any CPU
	EndGlobalSection
	GlobalSection(ProjectConfigurationPlatforms) = postSolution
		{A112E1A2-68DF-4659-8C34-20E6B57DB488}.Debug|Any CPU.ActiveCfg = Debug|Any CPU
		{A112E1A2-68DF-4659-8C34-20E6B57DB488}.Debug|Any CPU.Build.0 = Debug|Any CPU
		{A112E1A2-68DF-4659-8C34-20E6B57DB488}.Release|Any CPU.ActiveCfg = Release|Any CPU
		{A112E1A2-68DF-4659-8C34-20E6B57DB488}.Release|Any CPU.Build.0 = Release|Any CPU
	EndGlobalSection
	GlobalSection(SolutionProperties) = preSolution
		HideSolutionNode = FALSE
	EndGlobalSection
	GlobalSection(ExtensibilityGlobals) = postSolution
		SolutionGuid = {D515DC42-F14C-4D44-932E-0D7216F84DFD}
	EndGlobalSection
EndGlobal
